
Microsoft Visual Studio Solution File, Format Version 12.00
# Visual Studio Version 17
VisualStudioVersion = 17.3.32929.385
MinimumVisualStudioVersion = 10.0.40219.1
Project("{9A19103F-16F7-4668-BE54-9A1E7A4F7556}") = "API", "API\API.csproj", "{29CA3FCD-AA3C-4020-A78F-078BFE23D7D9}"
EndProject
Project("{9A19103F-16F7-4668-BE54-9A1E7A4F7556}") = "CORE", "CORE\CORE.csproj", "{9D352D48-4517-42EB-AE3B-A1EBADAC02ED}"
EndProject
Project("{9A19103F-16F7-4668-BE54-9A1E7A4F7556}") = "Infrastructure", "Infrastructure\Infrastructure.csproj", "{EF440103-6D11-400B-B247-098354EF177A}"
EndProject
Global
	GlobalSection(SolutionConfigurationPlatforms) = preSolution
		Debug|Any CPU = Debug|Any CPU
		Release|Any CPU = Release|Any CPU
	EndGlobalSection
	GlobalSection(ProjectConfigurationPlatforms) = postSolution
		{29CA3FCD-AA3C-4020-A78F-078BFE23D7D9}.Debug|Any CPU.ActiveCfg = Debug|Any CPU
		{29CA3FCD-AA3C-4020-A78F-078BFE23D7D9}.Debug|Any CPU.Build.0 = Debug|Any CPU
		{29CA3FCD-AA3C-4020-A78F-078BFE23D7D9}.Release|Any CPU.ActiveCfg = Release|Any CPU
		{29CA3FCD-AA3C-4020-A78F-078BFE23D7D9}.Release|Any CPU.Build.0 = Release|Any CPU
		{9D352D48-4517-42EB-AE3B-A1EBADAC02ED}.Debug|Any CPU.ActiveCfg = Debug|Any CPU
		{9D352D48-4517-42EB-AE3B-A1EBADAC02ED}.Debug|Any CPU.Build.0 = Debug|Any CPU
		{9D352D48-4517-42EB-AE3B-A1EBADAC02ED}.Release|Any CPU.ActiveCfg = Release|Any CPU
		{9D352D48-4517-42EB-AE3B-A1EBADAC02ED}.Release|Any CPU.Build.0 = Release|Any CPU
		{EF440103-6D11-400B-B247-098354EF177A}.Debug|Any CPU.ActiveCfg = Debug|Any CPU
		{EF440103-6D11-400B-B247-098354EF177A}.Debug|Any CPU.Build.0 = Debug|Any CPU
		{EF440103-6D11-400B-B247-098354EF177A}.Release|Any CPU.ActiveCfg = Release|Any CPU
		{EF440103-6D11-400B-B247-098354EF177A}.Release|Any CPU.Build.0 = Release|Any CPU
	EndGlobalSection
	GlobalSection(SolutionProperties) = preSolution
		HideSolutionNode = FALSE
	EndGlobalSection
	GlobalSection(ExtensibilityGlobals) = postSolution
		SolutionGuid = {334BBAB9-7969-466E-907F-47607554E152}
	EndGlobalSection
EndGlobal
